
Microsoft Visual Studio Solution File, Format Version 12.00
# Visual Studio Version 17
VisualStudioVersion = 17.4.33122.133
MinimumVisualStudioVersion = 10.0.40219.1
Project("{9A19103F-16F7-4668-BE54-9A1E7A4F7556}") = "Basic of .NET Framework", "Basic of .NET Framework.csproj", "{B2EC8B5B-06EB-4D7A-8C3A-0FD86E57CB73}"
EndProject
Project("{FAE04EC0-301F-11D3-BF4B-00C04F79EFBC}") = "test", "test\test.csproj", "{511A1369-5110-46A9-BE94-C239D6F9C44B}"
EndProject
Global
	GlobalSection(SolutionConfigurationPlatforms) = preSolution
		Debug|Any CPU = Debug|Any CPU
		Release|Any CPU = Release|Any CPU
	EndGlobalSection
	GlobalSection(ProjectConfigurationPlatforms) = postSolution
		{B2EC8B5B-06EB-4D7A-8C3A-0FD86E57CB73}.Debug|Any CPU.ActiveCfg = Debug|Any CPU
		{B2EC8B5B-06EB-4D7A-8C3A-0FD86E57CB73}.Debug|Any CPU.Build.0 = Debug|Any CPU
		{B2EC8B5B-06EB-4D7A-8C3A-0FD86E57CB73}.Release|Any CPU.ActiveCfg = Release|Any CPU
		{B2EC8B5B-06EB-4D7A-8C3A-0FD86E57CB73}.Release|Any CPU.Build.0 = Release|Any CPU
		{511A1369-5110-46A9-BE94-C239D6F9C44B}.Debug|Any CPU.ActiveCfg = Debug|Any CPU
		{511A1369-5110-46A9-BE94-C239D6F9C44B}.Debug|Any CPU.Build.0 = Debug|Any CPU
		{511A1369-5110-46A9-BE94-C239D6F9C44B}.Release|Any CPU.ActiveCfg = Release|Any CPU
		{511A1369-5110-46A9-BE94-C239D6F9C44B}.Release|Any CPU.Build.0 = Release|Any CPU
	EndGlobalSection
	GlobalSection(SolutionProperties) = preSolution
		HideSolutionNode = FALSE
	EndGlobalSection
	GlobalSection(ExtensibilityGlobals) = postSolution
		SolutionGuid = {BB0AA138-0821-42CE-B197-976B79ABD269}
	EndGlobalSection
EndGlobal
