
Microsoft Visual Studio Solution File, Format Version 12.00
# Visual Studio Version 17
VisualStudioVersion = 17.4.33122.133
MinimumVisualStudioVersion = 10.0.40219.1
Project("{9A19103F-16F7-4668-BE54-9A1E7A4F7556}") = "MyFramework", "Data\MyFramework.csproj", "{43668ED3-8483-42D1-B8E8-7E8C6F7442A9}"
EndProject
Global
	GlobalSection(SolutionConfigurationPlatforms) = preSolution
		Debug|Any CPU = Debug|Any CPU
		Release|Any CPU = Release|Any CPU
	EndGlobalSection
	GlobalSection(ProjectConfigurationPlatforms) = postSolution
		{43668ED3-8483-42D1-B8E8-7E8C6F7442A9}.Debug|Any CPU.ActiveCfg = Debug|Any CPU
		{43668ED3-8483-42D1-B8E8-7E8C6F7442A9}.Debug|Any CPU.Build.0 = Debug|Any CPU
		{43668ED3-8483-42D1-B8E8-7E8C6F7442A9}.Release|Any CPU.ActiveCfg = Release|Any CPU
		{43668ED3-8483-42D1-B8E8-7E8C6F7442A9}.Release|Any CPU.Build.0 = Release|Any CPU
	EndGlobalSection
	GlobalSection(SolutionProperties) = preSolution
		HideSolutionNode = FALSE
	EndGlobalSection
	GlobalSection(ExtensibilityGlobals) = postSolution
		SolutionGuid = {72B6F733-E73A-449D-95FB-8546FE0F8F5F}
	EndGlobalSection
EndGlobal
